// !$*UTF8*$!
{
	archiveVersion = 1;
	classes = {
	};
	objectVersion = 50;
	objects = {

/* Begin PBXBuildFile section */
		C5C633DB23C2BC810021FBCF /* AppDelegate.swift in Sources */ = {isa = PBXBuildFile; fileRef = C5C633DA23C2BC810021FBCF /* AppDelegate.swift */; };
		C5C633DD23C2BC810021FBCF /* SceneDelegate.swift in Sources */ = {isa = PBXBuildFile; fileRef = C5C633DC23C2BC810021FBCF /* SceneDelegate.swift */; };
		C5C633DF23C2BC810021FBCF /* ContentView.swift in Sources */ = {isa = PBXBuildFile; fileRef = C5C633DE23C2BC810021FBCF /* ContentView.swift */; };
		C5C633E123C2BC830021FBCF /* Assets.xcassets in Resources */ = {isa = PBXBuildFile; fileRef = C5C633E023C2BC830021FBCF /* Assets.xcassets */; };
		C5C633E423C2BC830021FBCF /* Preview Assets.xcassets in Resources */ = {isa = PBXBuildFile; fileRef = C5C633E323C2BC830021FBCF /* Preview Assets.xcassets */; };
		C5C633E723C2BC830021FBCF /* LaunchScreen.storyboard in Resources */ = {isa = PBXBuildFile; fileRef = C5C633E523C2BC830021FBCF /* LaunchScreen.storyboard */; };
		C5C633F023C2BCE30021FBCF /* TextView.swift in Sources */ = {isa = PBXBuildFile; fileRef = C5C633EF23C2BCE30021FBCF /* TextView.swift */; };
		C5C633F223C2BCED0021FBCF /* Utilities.swift in Sources */ = {isa = PBXBuildFile; fileRef = C5C633F123C2BCED0021FBCF /* Utilities.swift */; };
/* End PBXBuildFile section */

/* Begin PBXFileReference section */
		C5C633D723C2BC810021FBCF /* NotesUI-Starter.app */ = {isa = PBXFileReference; explicitFileType = wrapper.application; includeInIndex = 0; path = "NotesUI-Starter.app"; sourceTree = BUILT_PRODUCTS_DIR; };
		C5C633DA23C2BC810021FBCF /* AppDelegate.swift */ = {isa = PBXFileReference; lastKnownFileType = sourcecode.swift; path = AppDelegate.swift; sourceTree = "<group>"; };
		C5C633DC23C2BC810021FBCF /* SceneDelegate.swift */ = {isa = PBXFileReference; lastKnownFileType = sourcecode.swift; path = SceneDelegate.swift; sourceTree = "<group>"; };
		C5C633DE23C2BC810021FBCF /* ContentView.swift */ = {isa = PBXFileReference; lastKnownFileType = sourcecode.swift; path = ContentView.swift; sourceTree = "<group>"; };
		C5C633E023C2BC830021FBCF /* Assets.xcassets */ = {isa = PBXFileReference; lastKnownFileType = folder.assetcatalog; path = Assets.xcassets; sourceTree = "<group>"; };
		C5C633E323C2BC830021FBCF /* Preview Assets.xcassets */ = {isa = PBXFileReference; lastKnownFileType = folder.assetcatalog; path = "Preview Assets.xcassets"; sourceTree = "<group>"; };
		C5C633E623C2BC830021FBCF /* Base */ = {isa = PBXFileReference; lastKnownFileType = file.storyboard; name = Base; path = Base.lproj/LaunchScreen.storyboard; sourceTree = "<group>"; };
		C5C633E823C2BC830021FBCF /* Info.plist */ = {isa = PBXFileReference; lastKnownFileType = text.plist.xml; path = Info.plist; sourceTree = "<group>"; };
		C5C633EE23C2BCBD0021FBCF /* StepByStepInstructions.md */ = {isa = PBXFileReference; lastKnownFileType = net.daringfireball.markdown; path = StepByStepInstructions.md; sourceTree = "<group>"; };
		C5C633EF23C2BCE30021FBCF /* TextView.swift */ = {isa = PBXFileReference; fileEncoding = 4; lastKnownFileType = sourcecode.swift; path = TextView.swift; sourceTree = "<group>"; };
		C5C633F123C2BCED0021FBCF /* Utilities.swift */ = {isa = PBXFileReference; fileEncoding = 4; lastKnownFileType = sourcecode.swift; path = Utilities.swift; sourceTree = "<group>"; };
/* End PBXFileReference section */

/* Begin PBXFrameworksBuildPhase section */
		C5C633D423C2BC810021FBCF /* Frameworks */ = {
			isa = PBXFrameworksBuildPhase;
			buildActionMask = 2147483647;
			files = (
			);
			runOnlyForDeploymentPostprocessing = 0;
		};
/* End PBXFrameworksBuildPhase section */

/* Begin PBXGroup section */
		C5C633CE23C2BC810021FBCF = {
			isa = PBXGroup;
			children = (
				C5C633EE23C2BCBD0021FBCF /* StepByStepInstructions.md */,
				C5C633D923C2BC810021FBCF /* NotesUI-Starter */,
				C5C633D823C2BC810021FBCF /* Products */,
			);
			sourceTree = "<group>";
		};
		C5C633D823C2BC810021FBCF /* Products */ = {
			isa = PBXGroup;
			children = (
				C5C633D723C2BC810021FBCF /* NotesUI-Starter.app */,
			);
			name = Products;
			sourceTree = "<group>";
		};
		C5C633D923C2BC810021FBCF /* NotesUI-Starter */ = {
			isa = PBXGroup;
			children = (
				C5C633DA23C2BC810021FBCF /* AppDelegate.swift */,
				C5C633DC23C2BC810021FBCF /* SceneDelegate.swift */,
				C5C633DE23C2BC810021FBCF /* ContentView.swift */,
				C5C633EF23C2BCE30021FBCF /* TextView.swift */,
				C5C633F123C2BCED0021FBCF /* Utilities.swift */,
				C5C633E023C2BC830021FBCF /* Assets.xcassets */,
				C5C633E523C2BC830021FBCF /* LaunchScreen.storyboard */,
				C5C633E823C2BC830021FBCF /* Info.plist */,
				C5C633E223C2BC830021FBCF /* Preview Content */,
			);
			path = "NotesUI-Starter";
			sourceTree = "<group>";
		};
		C5C633E223C2BC830021FBCF /* Preview Content */ = {
			isa = PBXGroup;
			children = (
				C5C633E323C2BC830021FBCF /* Preview Assets.xcassets */,
			);
			path = "Preview Content";
			sourceTree = "<group>";
		};
/* End PBXGroup section */

/* Begin PBXNativeTarget section */
		C5C633D623C2BC810021FBCF /* NotesUI-Starter */ = {
			isa = PBXNativeTarget;
			buildConfigurationList = C5C633EB23C2BC830021FBCF /* Build configuration list for PBXNativeTarget "NotesUI-Starter" */;
			buildPhases = (
				C5C633D323C2BC810021FBCF /* Sources */,
				C5C633D423C2BC810021FBCF /* Frameworks */,
				C5C633D523C2BC810021FBCF /* Resources */,
			);
			buildRules = (
			);
			dependencies = (
			);
			name = "NotesUI-Starter";
			productName = "NotesUI-Starter";
			productReference = C5C633D723C2BC810021FBCF /* NotesUI-Starter.app */;
			productType = "com.apple.product-type.application";
		};
/* End PBXNativeTarget section */

/* Begin PBXProject section */
		C5C633CF23C2BC810021FBCF /* Project object */ = {
			isa = PBXProject;
			attributes = {
				LastSwiftUpdateCheck = 1130;
				LastUpgradeCheck = 1130;
				ORGANIZATIONNAME = "Chris Longe";
				TargetAttributes = {
					C5C633D623C2BC810021FBCF = {
						CreatedOnToolsVersion = 11.3;
					};
				};
			};
			buildConfigurationList = C5C633D223C2BC810021FBCF /* Build configuration list for PBXProject "NotesUI-Starter" */;
			compatibilityVersion = "Xcode 9.3";
			developmentRegion = en;
			hasScannedForEncodings = 0;
			knownRegions = (
				en,
				Base,
			);
			mainGroup = C5C633CE23C2BC810021FBCF;
			productRefGroup = C5C633D823C2BC810021FBCF /* Products */;
			projectDirPath = "";
			projectRoot = "";
			targets = (
				C5C633D623C2BC810021FBCF /* NotesUI-Starter */,
			);
		};
/* End PBXProject section */

/* Begin PBXResourcesBuildPhase section */
		C5C633D523C2BC810021FBCF /* Resources */ = {
			isa = PBXResourcesBuildPhase;
			buildActionMask = 2147483647;
			files = (
				C5C633E723C2BC830021FBCF /* LaunchScreen.storyboard in Resources */,
				C5C633E423C2BC830021FBCF /* Preview Assets.xcassets in Resources */,
				C5C633E123C2BC830021FBCF /* Assets.xcassets in Resources */,
			);
			runOnlyForDeploymentPostprocessing = 0;
		};
/* End PBXResourcesBuildPhase section */

/* Begin PBXSourcesBuildPhase section */
		C5C633D323C2BC810021FBCF /* Sources */ = {
			isa = PBXSourcesBuildPhase;
			buildActionMask = 2147483647;
			files = (
				C5C633DB23C2BC810021FBCF /* AppDelegate.swift in Sources */,
				C5C633F023C2BCE30021FBCF /* TextView.swift in Sources */,
				C5C633DD23C2BC810021FBCF /* SceneDelegate.swift in Sources */,
				C5C633F223C2BCED0021FBCF /* Utilities.swift in Sources */,
				C5C633DF23C2BC810021FBCF /* ContentView.swift in Sources */,
			);
			runOnlyForDeploymentPostprocessing = 0;
		};
/* End PBXSourcesBuildPhase section */

/* Begin PBXVariantGroup section */
		C5C633E523C2BC830021FBCF /* LaunchScreen.storyboard */ = {
			isa = PBXVariantGroup;
			children = (
				C5C633E623C2BC830021FBCF /* Base */,
			);
			name = LaunchScreen.storyboard;
			sourceTree = "<group>";
		};
/* End PBXVariantGroup section */

/* Begin XCBuildConfiguration section */
		C5C633E923C2BC830021FBCF /* Debug */ = {
			isa = XCBuildConfiguration;
			buildSettings = {
				ALWAYS_SEARCH_USER_PATHS = NO;
				CLANG_ANALYZER_NONNULL = YES;
				CLANG_ANALYZER_NUMBER_OBJECT_CONVERSION = YES_AGGRESSIVE;
				CLANG_CXX_LANGUAGE_STANDARD = "gnu++14";
				CLANG_CXX_LIBRARY = "libc++";
				CLANG_ENABLE_MODULES = YES;
				CLANG_ENABLE_OBJC_ARC = YES;
				CLANG_ENABLE_OBJC_WEAK = YES;
				CLANG_WARN_BLOCK_CAPTURE_AUTORELEASING = YES;
				CLANG_WARN_BOOL_CONVERSION = YES;
				CLANG_WARN_COMMA = YES;
				CLANG_WARN_CONSTANT_CONVERSION = YES;
				CLANG_WARN_DEPRECATED_OBJC_IMPLEMENTATIONS = YES;
				CLANG_WARN_DIRECT_OBJC_ISA_USAGE = YES_ERROR;
				CLANG_WARN_DOCUMENTATION_COMMENTS = YES;
				CLANG_WARN_EMPTY_BODY = YES;
				CLANG_WARN_ENUM_CONVERSION = YES;
				CLANG_WARN_INFINITE_RECURSION = YES;
				CLANG_WARN_INT_CONVERSION = YES;
				CLANG_WARN_NON_LITERAL_NULL_CONVERSION = YES;
				CLANG_WARN_OBJC_IMPLICIT_RETAIN_SELF = YES;
				CLANG_WARN_OBJC_LITERAL_CONVERSION = YES;
				CLANG_WARN_OBJC_ROOT_CLASS = YES_ERROR;
				CLANG_WARN_RANGE_LOOP_ANALYSIS = YES;
				CLANG_WARN_STRICT_PROTOTYPES = YES;
				CLANG_WARN_SUSPICIOUS_MOVE = YES;
				CLANG_WARN_UNGUARDED_AVAILABILITY = YES_AGGRESSIVE;
				CLANG_WARN_UNREACHABLE_CODE = YES;
				CLANG_WARN__DUPLICATE_METHOD_MATCH = YES;
				COPY_PHASE_STRIP = NO;
				DEBUG_INFORMATION_FORMAT = dwarf;
				ENABLE_STRICT_OBJC_MSGSEND = YES;
				ENABLE_TESTABILITY = YES;
				GCC_C_LANGUAGE_STANDARD = gnu11;
				GCC_DYNAMIC_NO_PIC = NO;
				GCC_NO_COMMON_BLOCKS = YES;
				GCC_OPTIMIZATION_LEVEL = 0;
				GCC_PREPROCESSOR_DEFINITIONS = (
					"DEBUG=1",
					"$(inherited)",
				);
				GCC_WARN_64_TO_32_BIT_CONVERSION = YES;
				GCC_WARN_ABOUT_RETURN_TYPE = YES_ERROR;
				GCC_WARN_UNDECLARED_SELECTOR = YES;
				GCC_WARN_UNINITIALIZED_AUTOS = YES_AGGRESSIVE;
				GCC_WARN_UNUSED_FUNCTION = YES;
				GCC_WARN_UNUSED_VARIABLE = YES;
				IPHONEOS_DEPLOYMENT_TARGET = 13.1;
				MTL_ENABLE_DEBUG_INFO = INCLUDE_SOURCE;
				MTL_FAST_MATH = YES;
				ONLY_ACTIVE_ARCH = YES;
				SDKROOT = iphoneos;
				SWIFT_ACTIVE_COMPILATION_CONDITIONS = DEBUG;
				SWIFT_OPTIMIZATION_LEVEL = "-Onone";
			};
			name = Debug;
		};
		C5C633EA23C2BC830021FBCF /* Release */ = {
			isa = XCBuildConfiguration;
			buildSettings = {
				ALWAYS_SEARCH_USER_PATHS = NO;
				CLANG_ANALYZER_NONNULL = YES;
				CLANG_ANALYZER_NUMBER_OBJECT_CONVERSION = YES_AGGRESSIVE;
				CLANG_CXX_LANGUAGE_STANDARD = "gnu++14";
				CLANG_CXX_LIBRARY = "libc++";
				CLANG_ENABLE_MODULES = YES;
				CLANG_ENABLE_OBJC_ARC = YES;
				CLANG_ENABLE_OBJC_WEAK = YES;
				CLANG_WARN_BLOCK_CAPTURE_AUTORELEASING = YES;
				CLANG_WARN_BOOL_CONVERSION = YES;
				CLANG_WARN_COMMA = YES;
				CLANG_WARN_CONSTANT_CONVERSION = YES;
				CLANG_WARN_DEPRECATED_OBJC_IMPLEMENTATIONS = YES;
				CLANG_WARN_DIRECT_OBJC_ISA_USAGE = YES_ERROR;
				CLANG_WARN_DOCUMENTATION_COMMENTS = YES;
				CLANG_WARN_EMPTY_BODY = YES;
				CLANG_WARN_ENUM_CONVERSION = YES;
				CLANG_WARN_INFINITE_RECURSION = YES;
				CLANG_WARN_INT_CONVERSION = YES;
				CLANG_WARN_NON_LITERAL_NULL_CONVERSION = YES;
				CLANG_WARN_OBJC_IMPLICIT_RETAIN_SELF = YES;
				CLANG_WARN_OBJC_LITERAL_CONVERSION = YES;
				CLANG_WARN_OBJC_ROOT_CLASS = YES_ERROR;
				CLANG_WARN_RANGE_LOOP_ANALYSIS = YES;
				CLANG_WARN_STRICT_PROTOTYPES = YES;
				CLANG_WARN_SUSPICIOUS_MOVE = YES;
				CLANG_WARN_UNGUARDED_AVAILABILITY = YES_AGGRESSIVE;
				CLANG_WARN_UNREACHABLE_CODE = YES;
				CLANG_WARN__DUPLICATE_METHOD_MATCH = YES;
				COPY_PHASE_STRIP = NO;
				DEBUG_INFORMATION_FORMAT = "dwarf-with-dsym";
				ENABLE_NS_ASSERTIONS = NO;
				ENABLE_STRICT_OBJC_MSGSEND = YES;
				GCC_C_LANGUAGE_STANDARD = gnu11;
				GCC_NO_COMMON_BLOCKS = YES;
				GCC_WARN_64_TO_32_BIT_CONVERSION = YES;
				GCC_WARN_ABOUT_RETURN_TYPE = YES_ERROR;
				GCC_WARN_UNDECLARED_SELECTOR = YES;
				GCC_WARN_UNINITIALIZED_AUTOS = YES_AGGRESSIVE;
				GCC_WARN_UNUSED_FUNCTION = YES;
				GCC_WARN_UNUSED_VARIABLE = YES;
				IPHONEOS_DEPLOYMENT_TARGET = 13.1;
				MTL_ENABLE_DEBUG_INFO = NO;
				MTL_FAST_MATH = YES;
				SDKROOT = iphoneos;
				SWIFT_COMPILATION_MODE = wholemodule;
				SWIFT_OPTIMIZATION_LEVEL = "-O";
				VALIDATE_PRODUCT = YES;
			};
			name = Release;
		};
		C5C633EC23C2BC830021FBCF /* Debug */ = {
			isa = XCBuildConfiguration;
			buildSettings = {
				ASSETCATALOG_COMPILER_APPICON_NAME = AppIcon;
				CODE_SIGN_STYLE = Automatic;
				DEVELOPMENT_ASSET_PATHS = "\"NotesUI-Starter/Preview Content\"";
				DEVELOPMENT_TEAM = A5966HV3EH;
				ENABLE_PREVIEWS = YES;
				INFOPLIST_FILE = "NotesUI-Starter/Info.plist";
				IPHONEOS_DEPLOYMENT_TARGET = 13.1;
				LD_RUNPATH_SEARCH_PATHS = (
					"$(inherited)",
					"@executable_path/Frameworks",
				);
				PRODUCT_BUNDLE_IDENTIFIER = "com.attichris.NotesUI-Starter";
				PRODUCT_NAME = "$(TARGET_NAME)";
				SWIFT_VERSION = 5.0;
				TARGETED_DEVICE_FAMILY = "1,2";
			};
			name = Debug;
		};
		C5C633ED23C2BC830021FBCF /* Release */ = {
			isa = XCBuildConfiguration;
			buildSettings = {
				ASSETCATALOG_COMPILER_APPICON_NAME = AppIcon;
				CODE_SIGN_STYLE = Automatic;
				DEVELOPMENT_ASSET_PATHS = "\"NotesUI-Starter/Preview Content\"";
				DEVELOPMENT_TEAM = A5966HV3EH;
				ENABLE_PREVIEWS = YES;
				INFOPLIST_FILE = "NotesUI-Starter/Info.plist";
				IPHONEOS_DEPLOYMENT_TARGET = 13.1;
				LD_RUNPATH_SEARCH_PATHS = (
					"$(inherited)",
					"@executable_path/Frameworks",
				);
				PRODUCT_BUNDLE_IDENTIFIER = "com.attichris.NotesUI-Starter";
				PRODUCT_NAME = "$(TARGET_NAME)";
				SWIFT_VERSION = 5.0;
				TARGETED_DEVICE_FAMILY = "1,2";
			};
			name = Release;
		};
/* End XCBuildConfiguration section */

/* Begin XCConfigurationList section */
		C5C633D223C2BC810021FBCF /* Build configuration list for PBXProject "NotesUI-Starter" */ = {
			isa = XCConfigurationList;
			buildConfigurations = (
				C5C633E923C2BC830021FBCF /* Debug */,
				C5C633EA23C2BC830021FBCF /* Release */,
			);
			defaultConfigurationIsVisible = 0;
			defaultConfigurationName = Release;
		};
		C5C633EB23C2BC830021FBCF /* Build configuration list for PBXNativeTarget "NotesUI-Starter" */ = {
			isa = XCConfigurationList;
			buildConfigurations = (
				C5C633EC23C2BC830021FBCF /* Debug */,
				C5C633ED23C2BC830021FBCF /* Release */,
			);
			defaultConfigurationIsVisible = 0;
			defaultConfigurationName = Release;
		};
/* End XCConfigurationList section */
	};
	rootObject = C5C633CF23C2BC810021FBCF /* Project object */;
}
